
Microsoft Visual Studio Solution File, Format Version 12.00
# Visual Studio Version 17
VisualStudioVersion = 17.6.33815.320
MinimumVisualStudioVersion = 10.0.40219.1
Project("{9A19103F-16F7-4668-BE54-9A1E7A4F7556}") = "B3Test.Application", "src\B3Test.Application\B3Test.Application.csproj", "{F1E63D4E-A776-487F-AD88-70071198D469}"
EndProject
Project("{9A19103F-16F7-4668-BE54-9A1E7A4F7556}") = "B3Test.Core", "src\B3Test.Core\B3Test.Core.csproj", "{36081CF7-D6C7-4AC0-8CF7-95B49593E62A}"
EndProject
Project("{2150E333-8FDC-42A3-9474-1A3956D46DE8}") = "tests", "tests", "{3C089191-E1B6-4CBC-9F24-41401B67D117}"
EndProject
Project("{2150E333-8FDC-42A3-9474-1A3956D46DE8}") = "Application", "Application", "{50B1ED5A-C8E7-404B-B592-D24B5D8AB78F}"
EndProject
Project("{9A19103F-16F7-4668-BE54-9A1E7A4F7556}") = "B3Test.Tests", "src\tests\B3Test.Tests\B3Test.Tests.csproj", "{A956C2DC-3566-41D2-95D5-A0ABA69C8A35}"
EndProject
Global
	GlobalSection(SolutionConfigurationPlatforms) = preSolution
		Debug|Any CPU = Debug|Any CPU
		Release|Any CPU = Release|Any CPU
	EndGlobalSection
	GlobalSection(ProjectConfigurationPlatforms) = postSolution
		{F1E63D4E-A776-487F-AD88-70071198D469}.Debug|Any CPU.ActiveCfg = Debug|Any CPU
		{F1E63D4E-A776-487F-AD88-70071198D469}.Debug|Any CPU.Build.0 = Debug|Any CPU
		{F1E63D4E-A776-487F-AD88-70071198D469}.Release|Any CPU.ActiveCfg = Release|Any CPU
		{F1E63D4E-A776-487F-AD88-70071198D469}.Release|Any CPU.Build.0 = Release|Any CPU
		{36081CF7-D6C7-4AC0-8CF7-95B49593E62A}.Debug|Any CPU.ActiveCfg = Debug|Any CPU
		{36081CF7-D6C7-4AC0-8CF7-95B49593E62A}.Debug|Any CPU.Build.0 = Debug|Any CPU
		{36081CF7-D6C7-4AC0-8CF7-95B49593E62A}.Release|Any CPU.ActiveCfg = Release|Any CPU
		{36081CF7-D6C7-4AC0-8CF7-95B49593E62A}.Release|Any CPU.Build.0 = Release|Any CPU
		{A956C2DC-3566-41D2-95D5-A0ABA69C8A35}.Debug|Any CPU.ActiveCfg = Debug|Any CPU
		{A956C2DC-3566-41D2-95D5-A0ABA69C8A35}.Debug|Any CPU.Build.0 = Debug|Any CPU
		{A956C2DC-3566-41D2-95D5-A0ABA69C8A35}.Release|Any CPU.ActiveCfg = Release|Any CPU
		{A956C2DC-3566-41D2-95D5-A0ABA69C8A35}.Release|Any CPU.Build.0 = Release|Any CPU
	EndGlobalSection
	GlobalSection(SolutionProperties) = preSolution
		HideSolutionNode = FALSE
	EndGlobalSection
	GlobalSection(NestedProjects) = preSolution
		{F1E63D4E-A776-487F-AD88-70071198D469} = {50B1ED5A-C8E7-404B-B592-D24B5D8AB78F}
		{36081CF7-D6C7-4AC0-8CF7-95B49593E62A} = {50B1ED5A-C8E7-404B-B592-D24B5D8AB78F}
		{A956C2DC-3566-41D2-95D5-A0ABA69C8A35} = {3C089191-E1B6-4CBC-9F24-41401B67D117}
	EndGlobalSection
	GlobalSection(ExtensibilityGlobals) = postSolution
		SolutionGuid = {3AB84E1E-21BD-48C0-A900-FD9FB58E276D}
	EndGlobalSection
EndGlobal
